
Microsoft Visual Studio Solution File, Format Version 12.00
# Visual Studio 2012
Project("{FAE04EC0-301F-11D3-BF4B-00C04F79EFBC}") = "SituationRoom.UI", "SituationRoom.UI\SituationRoom.UI.csproj", "{E298FEE3-FFCE-40BA-A0D3-D4C7481DC8BD}"
EndProject
Project("{2150E333-8FDC-42A3-9474-1A3956D46DE8}") = "Application", "Application", "{53233B80-D936-4BA8-B85B-BFD46EAF7421}"
EndProject
Project("{2150E333-8FDC-42A3-9474-1A3956D46DE8}") = "Domain", "Domain", "{5D91626F-A9D1-4BE4-ACF1-CA4F70103E07}"
EndProject
Project("{FAE04EC0-301F-11D3-BF4B-00C04F79EFBC}") = "ProjectEntities", "ProjectEntities\ProjectEntities.csproj", "{20247288-8673-4164-9EF3-3DCF71FF118C}"
EndProject
Project("{2150E333-8FDC-42A3-9474-1A3956D46DE8}") = "Tests", "Tests", "{D0CDD4EB-1C9E-4CD2-BA93-57C0FDB966DF}"
EndProject
Project("{FAE04EC0-301F-11D3-BF4B-00C04F79EFBC}") = "ProjectEntities.Tests", "ProjectEntities.Tests\ProjectEntities.Tests.csproj", "{32834E7C-9398-4192-99C5-CCE967656A1A}"
EndProject
Project("{FAE04EC0-301F-11D3-BF4B-00C04F79EFBC}") = "DataContexts", "DataContexts\DataContexts.csproj", "{83D2599D-D19A-45EB-8746-C83B2B3315E0}"
EndProject
Project("{FAE04EC0-301F-11D3-BF4B-00C04F79EFBC}") = "DataContexts.Tests", "DataContexts.Tests\DataContexts.Tests.csproj", "{C7ADB760-86CD-49E0-AAC9-58C8BC28D1B9}"
EndProject
Global
	GlobalSection(SolutionConfigurationPlatforms) = preSolution
		Debug|Any CPU = Debug|Any CPU
		Release|Any CPU = Release|Any CPU
	EndGlobalSection
	GlobalSection(ProjectConfigurationPlatforms) = postSolution
		{E298FEE3-FFCE-40BA-A0D3-D4C7481DC8BD}.Debug|Any CPU.ActiveCfg = Debug|Any CPU
		{E298FEE3-FFCE-40BA-A0D3-D4C7481DC8BD}.Debug|Any CPU.Build.0 = Debug|Any CPU
		{E298FEE3-FFCE-40BA-A0D3-D4C7481DC8BD}.Release|Any CPU.ActiveCfg = Release|Any CPU
		{E298FEE3-FFCE-40BA-A0D3-D4C7481DC8BD}.Release|Any CPU.Build.0 = Release|Any CPU
		{20247288-8673-4164-9EF3-3DCF71FF118C}.Debug|Any CPU.ActiveCfg = Debug|Any CPU
		{20247288-8673-4164-9EF3-3DCF71FF118C}.Debug|Any CPU.Build.0 = Debug|Any CPU
		{20247288-8673-4164-9EF3-3DCF71FF118C}.Release|Any CPU.ActiveCfg = Release|Any CPU
		{20247288-8673-4164-9EF3-3DCF71FF118C}.Release|Any CPU.Build.0 = Release|Any CPU
		{32834E7C-9398-4192-99C5-CCE967656A1A}.Debug|Any CPU.ActiveCfg = Debug|Any CPU
		{32834E7C-9398-4192-99C5-CCE967656A1A}.Debug|Any CPU.Build.0 = Debug|Any CPU
		{32834E7C-9398-4192-99C5-CCE967656A1A}.Release|Any CPU.ActiveCfg = Release|Any CPU
		{32834E7C-9398-4192-99C5-CCE967656A1A}.Release|Any CPU.Build.0 = Release|Any CPU
		{83D2599D-D19A-45EB-8746-C83B2B3315E0}.Debug|Any CPU.ActiveCfg = Debug|Any CPU
		{83D2599D-D19A-45EB-8746-C83B2B3315E0}.Debug|Any CPU.Build.0 = Debug|Any CPU
		{83D2599D-D19A-45EB-8746-C83B2B3315E0}.Release|Any CPU.ActiveCfg = Release|Any CPU
		{83D2599D-D19A-45EB-8746-C83B2B3315E0}.Release|Any CPU.Build.0 = Release|Any CPU
		{C7ADB760-86CD-49E0-AAC9-58C8BC28D1B9}.Debug|Any CPU.ActiveCfg = Debug|Any CPU
		{C7ADB760-86CD-49E0-AAC9-58C8BC28D1B9}.Debug|Any CPU.Build.0 = Debug|Any CPU
		{C7ADB760-86CD-49E0-AAC9-58C8BC28D1B9}.Release|Any CPU.ActiveCfg = Release|Any CPU
		{C7ADB760-86CD-49E0-AAC9-58C8BC28D1B9}.Release|Any CPU.Build.0 = Release|Any CPU
	EndGlobalSection
	GlobalSection(SolutionProperties) = preSolution
		HideSolutionNode = FALSE
	EndGlobalSection
	GlobalSection(NestedProjects) = preSolution
		{E298FEE3-FFCE-40BA-A0D3-D4C7481DC8BD} = {53233B80-D936-4BA8-B85B-BFD46EAF7421}
		{20247288-8673-4164-9EF3-3DCF71FF118C} = {5D91626F-A9D1-4BE4-ACF1-CA4F70103E07}
		{83D2599D-D19A-45EB-8746-C83B2B3315E0} = {5D91626F-A9D1-4BE4-ACF1-CA4F70103E07}
		{32834E7C-9398-4192-99C5-CCE967656A1A} = {D0CDD4EB-1C9E-4CD2-BA93-57C0FDB966DF}
		{C7ADB760-86CD-49E0-AAC9-58C8BC28D1B9} = {D0CDD4EB-1C9E-4CD2-BA93-57C0FDB966DF}
	EndGlobalSection
EndGlobal
